
Microsoft Visual Studio Solution File, Format Version 12.00
# Visual Studio 2012
Project("{FAE04EC0-301F-11D3-BF4B-00C04F79EFBC}") = "MakeClassFromSQL", "MakeClassFromSQL.csproj", "{7F54599D-C1DF-4671-80A5-1F7BFF6DA3BC}"
EndProject
Global
	GlobalSection(SolutionConfigurationPlatforms) = preSolution
		Debug|Any CPU = Debug|Any CPU
		Release|Any CPU = Release|Any CPU
	EndGlobalSection
	GlobalSection(ProjectConfigurationPlatforms) = postSolution
		{7F54599D-C1DF-4671-80A5-1F7BFF6DA3BC}.Debug|Any CPU.ActiveCfg = Debug|Any CPU
		{7F54599D-C1DF-4671-80A5-1F7BFF6DA3BC}.Debug|Any CPU.Build.0 = Debug|Any CPU
		{7F54599D-C1DF-4671-80A5-1F7BFF6DA3BC}.Release|Any CPU.ActiveCfg = Release|Any CPU
		{7F54599D-C1DF-4671-80A5-1F7BFF6DA3BC}.Release|Any CPU.Build.0 = Release|Any CPU
	EndGlobalSection
	GlobalSection(SolutionProperties) = preSolution
		HideSolutionNode = FALSE
	EndGlobalSection
EndGlobal
